// !$*UTF8*$!
{
	archiveVersion = 1;
	classes = {
	};
	objectVersion = 46;
	objects = {

/* Begin PBXBuildFile section */
		265F31E691E054CD51E6B361 /* libPods-STACollapsableTable.a in Frameworks */ = {isa = PBXBuildFile; fileRef = 87D1DDF28DCCAA2E866ED837 /* libPods-STACollapsableTable.a */; };
		9376D23C1C64684000FC2782 /* STACollapsableTableTests.m in Sources */ = {isa = PBXBuildFile; fileRef = 9376D23B1C64684000FC2782 /* STACollapsableTableTests.m */; };
		9376D2571C649FB500FC2782 /* AppDelegate.m in Sources */ = {isa = PBXBuildFile; fileRef = 9376D24B1C649FB500FC2782 /* AppDelegate.m */; };
		9376D2581C649FB500FC2782 /* Assets.xcassets in Resources */ = {isa = PBXBuildFile; fileRef = 9376D24C1C649FB500FC2782 /* Assets.xcassets */; };
		9376D2591C649FB500FC2782 /* LaunchScreen.storyboard in Resources */ = {isa = PBXBuildFile; fileRef = 9376D24D1C649FB500FC2782 /* LaunchScreen.storyboard */; };
		9376D25A1C649FB500FC2782 /* Main.storyboard in Resources */ = {isa = PBXBuildFile; fileRef = 9376D24F1C649FB500FC2782 /* Main.storyboard */; };
		9376D25B1C649FB500FC2782 /* Info.plist in Resources */ = {isa = PBXBuildFile; fileRef = 9376D2511C649FB500FC2782 /* Info.plist */; };
		9376D25C1C649FB500FC2782 /* main.m in Sources */ = {isa = PBXBuildFile; fileRef = 9376D2521C649FB500FC2782 /* main.m */; };
		9376D25D1C649FB500FC2782 /* SampleTableViewController.m in Sources */ = {isa = PBXBuildFile; fileRef = 9376D2541C649FB500FC2782 /* SampleTableViewController.m */; };
		9376D2621C64A09900FC2782 /* STACellContainer.m in Sources */ = {isa = PBXBuildFile; fileRef = 9376D2611C64A09900FC2782 /* STACellContainer.m */; };
		9376D2651C64A0D900FC2782 /* STACategoryCellContainer.m in Sources */ = {isa = PBXBuildFile; fileRef = 9376D2641C64A0D900FC2782 /* STACategoryCellContainer.m */; };
		9376D2681C64A0FC00FC2782 /* STASubcategoryCellContainer.m in Sources */ = {isa = PBXBuildFile; fileRef = 9376D2671C64A0FC00FC2782 /* STASubcategoryCellContainer.m */; };
		9376D26B1C64AD8900FC2782 /* STACollapsableTableModel.m in Sources */ = {isa = PBXBuildFile; fileRef = 9376D26A1C64AD8900FC2782 /* STACollapsableTableModel.m */; };
		9376D26E1C64B52300FC2782 /* STACategoryCellContainerBase.m in Sources */ = {isa = PBXBuildFile; fileRef = 9376D26D1C64B52300FC2782 /* STACategoryCellContainerBase.m */; };
		9376D2761C65E80000FC2782 /* STATableModelSpecifier.m in Sources */ = {isa = PBXBuildFile; fileRef = 9376D2751C65E7FF00FC2782 /* STATableModelSpecifier.m */; };
/* End PBXBuildFile section */

/* Begin PBXContainerItemProxy section */
		9376D2381C64684000FC2782 /* PBXContainerItemProxy */ = {
			isa = PBXContainerItemProxy;
			containerPortal = 9376D2161C64683F00FC2782 /* Project object */;
			proxyType = 1;
			remoteGlobalIDString = 9376D21D1C64683F00FC2782;
			remoteInfo = STACollapsableTable;
		};
/* End PBXContainerItemProxy section */

/* Begin PBXFileReference section */
		87D1DDF28DCCAA2E866ED837 /* libPods-STACollapsableTable.a */ = {isa = PBXFileReference; explicitFileType = archive.ar; includeInIndex = 0; path = "libPods-STACollapsableTable.a"; sourceTree = BUILT_PRODUCTS_DIR; };
		9376D21E1C64683F00FC2782 /* STACollapsableTable.app */ = {isa = PBXFileReference; explicitFileType = wrapper.application; includeInIndex = 0; path = STACollapsableTable.app; sourceTree = BUILT_PRODUCTS_DIR; };
		9376D2371C64684000FC2782 /* STACollapsableTableTests.xctest */ = {isa = PBXFileReference; explicitFileType = wrapper.cfbundle; includeInIndex = 0; path = STACollapsableTableTests.xctest; sourceTree = BUILT_PRODUCTS_DIR; };
		9376D23B1C64684000FC2782 /* STACollapsableTableTests.m */ = {isa = PBXFileReference; lastKnownFileType = sourcecode.c.objc; path = STACollapsableTableTests.m; sourceTree = "<group>"; };
		9376D23D1C64684000FC2782 /* Info.plist */ = {isa = PBXFileReference; lastKnownFileType = text.plist.xml; path = Info.plist; sourceTree = "<group>"; };
		9376D24A1C649FB500FC2782 /* AppDelegate.h */ = {isa = PBXFileReference; fileEncoding = 4; lastKnownFileType = sourcecode.c.h; path = AppDelegate.h; sourceTree = "<group>"; };
		9376D24B1C649FB500FC2782 /* AppDelegate.m */ = {isa = PBXFileReference; fileEncoding = 4; lastKnownFileType = sourcecode.c.objc; path = AppDelegate.m; sourceTree = "<group>"; };
		9376D24C1C649FB500FC2782 /* Assets.xcassets */ = {isa = PBXFileReference; lastKnownFileType = folder.assetcatalog; path = Assets.xcassets; sourceTree = "<group>"; };
		9376D24E1C649FB500FC2782 /* Base */ = {isa = PBXFileReference; lastKnownFileType = file.storyboard; name = Base; path = Base.lproj/LaunchScreen.storyboard; sourceTree = "<group>"; };
		9376D2501C649FB500FC2782 /* Base */ = {isa = PBXFileReference; lastKnownFileType = file.storyboard; name = Base; path = Base.lproj/Main.storyboard; sourceTree = "<group>"; };
		9376D2511C649FB500FC2782 /* Info.plist */ = {isa = PBXFileReference; fileEncoding = 4; lastKnownFileType = text.plist.xml; path = Info.plist; sourceTree = "<group>"; };
		9376D2521C649FB500FC2782 /* main.m */ = {isa = PBXFileReference; fileEncoding = 4; lastKnownFileType = sourcecode.c.objc; path = main.m; sourceTree = "<group>"; };
		9376D2531C649FB500FC2782 /* SampleTableViewController.h */ = {isa = PBXFileReference; fileEncoding = 4; lastKnownFileType = sourcecode.c.h; path = SampleTableViewController.h; sourceTree = "<group>"; };
		9376D2541C649FB500FC2782 /* SampleTableViewController.m */ = {isa = PBXFileReference; fileEncoding = 4; lastKnownFileType = sourcecode.c.objc; path = SampleTableViewController.m; sourceTree = "<group>"; };
		9376D2601C64A09900FC2782 /* STACellContainer.h */ = {isa = PBXFileReference; fileEncoding = 4; lastKnownFileType = sourcecode.c.h; path = STACellContainer.h; sourceTree = "<group>"; };
		9376D2611C64A09900FC2782 /* STACellContainer.m */ = {isa = PBXFileReference; fileEncoding = 4; lastKnownFileType = sourcecode.c.objc; path = STACellContainer.m; sourceTree = "<group>"; };
		9376D2631C64A0D900FC2782 /* STACategoryCellContainer.h */ = {isa = PBXFileReference; fileEncoding = 4; lastKnownFileType = sourcecode.c.h; path = STACategoryCellContainer.h; sourceTree = "<group>"; };
		9376D2641C64A0D900FC2782 /* STACategoryCellContainer.m */ = {isa = PBXFileReference; fileEncoding = 4; lastKnownFileType = sourcecode.c.objc; path = STACategoryCellContainer.m; sourceTree = "<group>"; };
		9376D2661C64A0FC00FC2782 /* STASubcategoryCellContainer.h */ = {isa = PBXFileReference; fileEncoding = 4; lastKnownFileType = sourcecode.c.h; path = STASubcategoryCellContainer.h; sourceTree = "<group>"; };
		9376D2671C64A0FC00FC2782 /* STASubcategoryCellContainer.m */ = {isa = PBXFileReference; fileEncoding = 4; lastKnownFileType = sourcecode.c.objc; path = STASubcategoryCellContainer.m; sourceTree = "<group>"; };
		9376D2691C64AD8900FC2782 /* STACollapsableTableModel.h */ = {isa = PBXFileReference; fileEncoding = 4; lastKnownFileType = sourcecode.c.h; path = STACollapsableTableModel.h; sourceTree = "<group>"; };
		9376D26A1C64AD8900FC2782 /* STACollapsableTableModel.m */ = {isa = PBXFileReference; fileEncoding = 4; lastKnownFileType = sourcecode.c.objc; path = STACollapsableTableModel.m; sourceTree = "<group>"; };
		9376D26C1C64B52300FC2782 /* STACategoryCellContainerBase.h */ = {isa = PBXFileReference; fileEncoding = 4; lastKnownFileType = sourcecode.c.h; path = STACategoryCellContainerBase.h; sourceTree = "<group>"; };
		9376D26D1C64B52300FC2782 /* STACategoryCellContainerBase.m */ = {isa = PBXFileReference; fileEncoding = 4; lastKnownFileType = sourcecode.c.objc; path = STACategoryCellContainerBase.m; sourceTree = "<group>"; };
		9376D2741C65E7FF00FC2782 /* STATableModelSpecifier.h */ = {isa = PBXFileReference; fileEncoding = 4; lastKnownFileType = sourcecode.c.h; path = STATableModelSpecifier.h; sourceTree = "<group>"; };
		9376D2751C65E7FF00FC2782 /* STATableModelSpecifier.m */ = {isa = PBXFileReference; fileEncoding = 4; lastKnownFileType = sourcecode.c.objc; path = STATableModelSpecifier.m; sourceTree = "<group>"; };
		B11300C9268E6B1CC3A20906 /* Pods-STACollapsableTable.release.xcconfig */ = {isa = PBXFileReference; includeInIndex = 1; lastKnownFileType = text.xcconfig; name = "Pods-STACollapsableTable.release.xcconfig"; path = "Pods/Target Support Files/Pods-STACollapsableTable/Pods-STACollapsableTable.release.xcconfig"; sourceTree = "<group>"; };
		E9F18E2C01F0AB9AB7B6ACDC /* Pods-STACollapsableTable.debug.xcconfig */ = {isa = PBXFileReference; includeInIndex = 1; lastKnownFileType = text.xcconfig; name = "Pods-STACollapsableTable.debug.xcconfig"; path = "Pods/Target Support Files/Pods-STACollapsableTable/Pods-STACollapsableTable.debug.xcconfig"; sourceTree = "<group>"; };
/* End PBXFileReference section */

/* Begin PBXFrameworksBuildPhase section */
		9376D21B1C64683F00FC2782 /* Frameworks */ = {
			isa = PBXFrameworksBuildPhase;
			buildActionMask = 2147483647;
			files = (
				265F31E691E054CD51E6B361 /* libPods-STACollapsableTable.a in Frameworks */,
			);
			runOnlyForDeploymentPostprocessing = 0;
		};
		9376D2341C64684000FC2782 /* Frameworks */ = {
			isa = PBXFrameworksBuildPhase;
			buildActionMask = 2147483647;
			files = (
			);
			runOnlyForDeploymentPostprocessing = 0;
		};
/* End PBXFrameworksBuildPhase section */

/* Begin PBXGroup section */
		9376D2151C64683F00FC2782 = {
			isa = PBXGroup;
			children = (
				9376D25F1C64A05800FC2782 /* STACollapsableTable */,
				9376D2491C649FB500FC2782 /* STACollapsableTableSample */,
				9376D23A1C64684000FC2782 /* STACollapsableTableTests */,
				9376D21F1C64683F00FC2782 /* Products */,
				97EBFC13A2D1F7730489400E /* Pods */,
				CA952580F70D87E9C4A78C81 /* Frameworks */,
			);
			sourceTree = "<group>";
		};
		9376D21F1C64683F00FC2782 /* Products */ = {
			isa = PBXGroup;
			children = (
				9376D21E1C64683F00FC2782 /* STACollapsableTable.app */,
				9376D2371C64684000FC2782 /* STACollapsableTableTests.xctest */,
			);
			name = Products;
			sourceTree = "<group>";
		};
		9376D23A1C64684000FC2782 /* STACollapsableTableTests */ = {
			isa = PBXGroup;
			children = (
				9376D23B1C64684000FC2782 /* STACollapsableTableTests.m */,
				9376D23D1C64684000FC2782 /* Info.plist */,
			);
			path = STACollapsableTableTests;
			sourceTree = "<group>";
		};
		9376D2491C649FB500FC2782 /* STACollapsableTableSample */ = {
			isa = PBXGroup;
			children = (
				9376D24A1C649FB500FC2782 /* AppDelegate.h */,
				9376D24B1C649FB500FC2782 /* AppDelegate.m */,
				9376D24C1C649FB500FC2782 /* Assets.xcassets */,
				9376D24D1C649FB500FC2782 /* LaunchScreen.storyboard */,
				9376D24F1C649FB500FC2782 /* Main.storyboard */,
				9376D2511C649FB500FC2782 /* Info.plist */,
				9376D2521C649FB500FC2782 /* main.m */,
				9376D2531C649FB500FC2782 /* SampleTableViewController.h */,
				9376D2541C649FB500FC2782 /* SampleTableViewController.m */,
			);
			path = STACollapsableTableSample;
			sourceTree = "<group>";
		};
		9376D25F1C64A05800FC2782 /* STACollapsableTable */ = {
			isa = PBXGroup;
			children = (
				9376D2601C64A09900FC2782 /* STACellContainer.h */,
				9376D2611C64A09900FC2782 /* STACellContainer.m */,
				9376D2631C64A0D900FC2782 /* STACategoryCellContainer.h */,
				9376D2641C64A0D900FC2782 /* STACategoryCellContainer.m */,
				9376D2661C64A0FC00FC2782 /* STASubcategoryCellContainer.h */,
				9376D2671C64A0FC00FC2782 /* STASubcategoryCellContainer.m */,
				9376D2691C64AD8900FC2782 /* STACollapsableTableModel.h */,
				9376D26A1C64AD8900FC2782 /* STACollapsableTableModel.m */,
				9376D26C1C64B52300FC2782 /* STACategoryCellContainerBase.h */,
				9376D26D1C64B52300FC2782 /* STACategoryCellContainerBase.m */,
				9376D2741C65E7FF00FC2782 /* STATableModelSpecifier.h */,
				9376D2751C65E7FF00FC2782 /* STATableModelSpecifier.m */,
			);
			path = STACollapsableTable;
			sourceTree = "<group>";
		};
		97EBFC13A2D1F7730489400E /* Pods */ = {
			isa = PBXGroup;
			children = (
				E9F18E2C01F0AB9AB7B6ACDC /* Pods-STACollapsableTable.debug.xcconfig */,
				B11300C9268E6B1CC3A20906 /* Pods-STACollapsableTable.release.xcconfig */,
			);
			name = Pods;
			sourceTree = "<group>";
		};
		CA952580F70D87E9C4A78C81 /* Frameworks */ = {
			isa = PBXGroup;
			children = (
				87D1DDF28DCCAA2E866ED837 /* libPods-STACollapsableTable.a */,
			);
			name = Frameworks;
			sourceTree = "<group>";
		};
/* End PBXGroup section */

/* Begin PBXNativeTarget section */
		9376D21D1C64683F00FC2782 /* STACollapsableTable */ = {
			isa = PBXNativeTarget;
			buildConfigurationList = 9376D2401C64684000FC2782 /* Build configuration list for PBXNativeTarget "STACollapsableTable" */;
			buildPhases = (
				3D450C54F738A79C3E4B39EC /* Check Pods Manifest.lock */,
				9376D21A1C64683F00FC2782 /* Sources */,
				9376D21B1C64683F00FC2782 /* Frameworks */,
				9376D21C1C64683F00FC2782 /* Resources */,
				6B449F7E780F57BED4E984E6 /* Embed Pods Frameworks */,
				01C3B32D1F001C8DDEC31FC9 /* Copy Pods Resources */,
			);
			buildRules = (
			);
			dependencies = (
			);
			name = STACollapsableTable;
			productName = STACollapsableTable;
			productReference = 9376D21E1C64683F00FC2782 /* STACollapsableTable.app */;
			productType = "com.apple.product-type.application";
		};
		9376D2361C64684000FC2782 /* STACollapsableTableTests */ = {
			isa = PBXNativeTarget;
			buildConfigurationList = 9376D2431C64684000FC2782 /* Build configuration list for PBXNativeTarget "STACollapsableTableTests" */;
			buildPhases = (
				9376D2331C64684000FC2782 /* Sources */,
				9376D2341C64684000FC2782 /* Frameworks */,
				9376D2351C64684000FC2782 /* Resources */,
			);
			buildRules = (
			);
			dependencies = (
				9376D2391C64684000FC2782 /* PBXTargetDependency */,
			);
			name = STACollapsableTableTests;
			productName = STACollapsableTableTests;
			productReference = 9376D2371C64684000FC2782 /* STACollapsableTableTests.xctest */;
			productType = "com.apple.product-type.bundle.unit-test";
		};
/* End PBXNativeTarget section */

/* Begin PBXProject section */
		9376D2161C64683F00FC2782 /* Project object */ = {
			isa = PBXProject;
			attributes = {
				LastUpgradeCheck = 0720;
				ORGANIZATIONNAME = "Aaron Jubbal";
				TargetAttributes = {
					9376D21D1C64683F00FC2782 = {
						CreatedOnToolsVersion = 7.2;
					};
					9376D2361C64684000FC2782 = {
						CreatedOnToolsVersion = 7.2;
						TestTargetID = 9376D21D1C64683F00FC2782;
					};
				};
			};
			buildConfigurationList = 9376D2191C64683F00FC2782 /* Build configuration list for PBXProject "STACollapsableTable" */;
			compatibilityVersion = "Xcode 3.2";
			developmentRegion = English;
			hasScannedForEncodings = 0;
			knownRegions = (
				en,
				Base,
			);
			mainGroup = 9376D2151C64683F00FC2782;
			productRefGroup = 9376D21F1C64683F00FC2782 /* Products */;
			projectDirPath = "";
			projectRoot = "";
			targets = (
				9376D21D1C64683F00FC2782 /* STACollapsableTable */,
				9376D2361C64684000FC2782 /* STACollapsableTableTests */,
			);
		};
/* End PBXProject section */

/* Begin PBXResourcesBuildPhase section */
		9376D21C1C64683F00FC2782 /* Resources */ = {
			isa = PBXResourcesBuildPhase;
			buildActionMask = 2147483647;
			files = (
				9376D25B1C649FB500FC2782 /* Info.plist in Resources */,
				9376D25A1C649FB500FC2782 /* Main.storyboard in Resources */,
				9376D2581C649FB500FC2782 /* Assets.xcassets in Resources */,
				9376D2591C649FB500FC2782 /* LaunchScreen.storyboard in Resources */,
			);
			runOnlyForDeploymentPostprocessing = 0;
		};
		9376D2351C64684000FC2782 /* Resources */ = {
			isa = PBXResourcesBuildPhase;
			buildActionMask = 2147483647;
			files = (
			);
			runOnlyForDeploymentPostprocessing = 0;
		};
/* End PBXResourcesBuildPhase section */

/* Begin PBXShellScriptBuildPhase section */
		01C3B32D1F001C8DDEC31FC9 /* Copy Pods Resources */ = {
			isa = PBXShellScriptBuildPhase;
			buildActionMask = 2147483647;
			files = (
			);
			inputPaths = (
			);
			name = "Copy Pods Resources";
			outputPaths = (
			);
			runOnlyForDeploymentPostprocessing = 0;
			shellPath = /bin/sh;
			shellScript = "\"${SRCROOT}/Pods/Target Support Files/Pods-STACollapsableTable/Pods-STACollapsableTable-resources.sh\"\n";
			showEnvVarsInLog = 0;
		};
		3D450C54F738A79C3E4B39EC /* Check Pods Manifest.lock */ = {
			isa = PBXShellScriptBuildPhase;
			buildActionMask = 2147483647;
			files = (
			);
			inputPaths = (
			);
			name = "Check Pods Manifest.lock";
			outputPaths = (
			);
			runOnlyForDeploymentPostprocessing = 0;
			shellPath = /bin/sh;
			shellScript = "diff \"${PODS_ROOT}/../Podfile.lock\" \"${PODS_ROOT}/Manifest.lock\" > /dev/null\nif [[ $? != 0 ]] ; then\n    cat << EOM\nerror: The sandbox is not in sync with the Podfile.lock. Run 'pod install' or update your CocoaPods installation.\nEOM\n    exit 1\nfi\n";
			showEnvVarsInLog = 0;
		};
		6B449F7E780F57BED4E984E6 /* Embed Pods Frameworks */ = {
			isa = PBXShellScriptBuildPhase;
			buildActionMask = 2147483647;
			files = (
			);
			inputPaths = (
			);
			name = "Embed Pods Frameworks";
			outputPaths = (
			);
			runOnlyForDeploymentPostprocessing = 0;
			shellPath = /bin/sh;
			shellScript = "\"${SRCROOT}/Pods/Target Support Files/Pods-STACollapsableTable/Pods-STACollapsableTable-frameworks.sh\"\n";
			showEnvVarsInLog = 0;
		};
/* End PBXShellScriptBuildPhase section */

/* Begin PBXSourcesBuildPhase section */
		9376D21A1C64683F00FC2782 /* Sources */ = {
			isa = PBXSourcesBuildPhase;
			buildActionMask = 2147483647;
			files = (
				9376D26B1C64AD8900FC2782 /* STACollapsableTableModel.m in Sources */,
				9376D2681C64A0FC00FC2782 /* STASubcategoryCellContainer.m in Sources */,
				9376D25C1C649FB500FC2782 /* main.m in Sources */,
				9376D25D1C649FB500FC2782 /* SampleTableViewController.m in Sources */,
				9376D2651C64A0D900FC2782 /* STACategoryCellContainer.m in Sources */,
				9376D26E1C64B52300FC2782 /* STACategoryCellContainerBase.m in Sources */,
				9376D2571C649FB500FC2782 /* AppDelegate.m in Sources */,
				9376D2621C64A09900FC2782 /* STACellContainer.m in Sources */,
				9376D2761C65E80000FC2782 /* STATableModelSpecifier.m in Sources */,
			);
			runOnlyForDeploymentPostprocessing = 0;
		};
		9376D2331C64684000FC2782 /* Sources */ = {
			isa = PBXSourcesBuildPhase;
			buildActionMask = 2147483647;
			files = (
				9376D23C1C64684000FC2782 /* STACollapsableTableTests.m in Sources */,
			);
			runOnlyForDeploymentPostprocessing = 0;
		};
/* End PBXSourcesBuildPhase section */

/* Begin PBXTargetDependency section */
		9376D2391C64684000FC2782 /* PBXTargetDependency */ = {
			isa = PBXTargetDependency;
			target = 9376D21D1C64683F00FC2782 /* STACollapsableTable */;
			targetProxy = 9376D2381C64684000FC2782 /* PBXContainerItemProxy */;
		};
/* End PBXTargetDependency section */

/* Begin PBXVariantGroup section */
		9376D24D1C649FB500FC2782 /* LaunchScreen.storyboard */ = {
			isa = PBXVariantGroup;
			children = (
				9376D24E1C649FB500FC2782 /* Base */,
			);
			name = LaunchScreen.storyboard;
			sourceTree = "<group>";
		};
		9376D24F1C649FB500FC2782 /* Main.storyboard */ = {
			isa = PBXVariantGroup;
			children = (
				9376D2501C649FB500FC2782 /* Base */,
			);
			name = Main.storyboard;
			sourceTree = "<group>";
		};
/* End PBXVariantGroup section */

/* Begin XCBuildConfiguration section */
		9376D23E1C64684000FC2782 /* Debug */ = {
			isa = XCBuildConfiguration;
			buildSettings = {
				ALWAYS_SEARCH_USER_PATHS = NO;
				CLANG_CXX_LANGUAGE_STANDARD = "gnu++0x";
				CLANG_CXX_LIBRARY = "libc++";
				CLANG_ENABLE_MODULES = YES;
				CLANG_ENABLE_OBJC_ARC = YES;
				CLANG_WARN_BOOL_CONVERSION = YES;
				CLANG_WARN_CONSTANT_CONVERSION = YES;
				CLANG_WARN_DIRECT_OBJC_ISA_USAGE = YES_ERROR;
				CLANG_WARN_EMPTY_BODY = YES;
				CLANG_WARN_ENUM_CONVERSION = YES;
				CLANG_WARN_INT_CONVERSION = YES;
				CLANG_WARN_OBJC_ROOT_CLASS = YES_ERROR;
				CLANG_WARN_UNREACHABLE_CODE = YES;
				CLANG_WARN__DUPLICATE_METHOD_MATCH = YES;
				"CODE_SIGN_IDENTITY[sdk=iphoneos*]" = "iPhone Developer";
				COPY_PHASE_STRIP = NO;
				DEBUG_INFORMATION_FORMAT = dwarf;
				ENABLE_STRICT_OBJC_MSGSEND = YES;
				ENABLE_TESTABILITY = YES;
				GCC_C_LANGUAGE_STANDARD = gnu99;
				GCC_DYNAMIC_NO_PIC = NO;
				GCC_NO_COMMON_BLOCKS = YES;
				GCC_OPTIMIZATION_LEVEL = 0;
				GCC_PREPROCESSOR_DEFINITIONS = (
					"DEBUG=1",
					"$(inherited)",
				);
				GCC_WARN_64_TO_32_BIT_CONVERSION = YES;
				GCC_WARN_ABOUT_RETURN_TYPE = YES_ERROR;
				GCC_WARN_UNDECLARED_SELECTOR = YES;
				GCC_WARN_UNINITIALIZED_AUTOS = YES_AGGRESSIVE;
				GCC_WARN_UNUSED_FUNCTION = YES;
				GCC_WARN_UNUSED_VARIABLE = YES;
				IPHONEOS_DEPLOYMENT_TARGET = 9.2;
				MTL_ENABLE_DEBUG_INFO = YES;
				ONLY_ACTIVE_ARCH = YES;
				SDKROOT = iphoneos;
			};
			name = Debug;
		};
		9376D23F1C64684000FC2782 /* Release */ = {
			isa = XCBuildConfiguration;
			buildSettings = {
				ALWAYS_SEARCH_USER_PATHS = NO;
				CLANG_CXX_LANGUAGE_STANDARD = "gnu++0x";
				CLANG_CXX_LIBRARY = "libc++";
				CLANG_ENABLE_MODULES = YES;
				CLANG_ENABLE_OBJC_ARC = YES;
				CLANG_WARN_BOOL_CONVERSION = YES;
				CLANG_WARN_CONSTANT_CONVERSION = YES;
				CLANG_WARN_DIRECT_OBJC_ISA_USAGE = YES_ERROR;
				CLANG_WARN_EMPTY_BODY = YES;
				CLANG_WARN_ENUM_CONVERSION = YES;
				CLANG_WARN_INT_CONVERSION = YES;
				CLANG_WARN_OBJC_ROOT_CLASS = YES_ERROR;
				CLANG_WARN_UNREACHABLE_CODE = YES;
				CLANG_WARN__DUPLICATE_METHOD_MATCH = YES;
				"CODE_SIGN_IDENTITY[sdk=iphoneos*]" = "iPhone Developer";
				COPY_PHASE_STRIP = NO;
				DEBUG_INFORMATION_FORMAT = "dwarf-with-dsym";
				ENABLE_NS_ASSERTIONS = NO;
				ENABLE_STRICT_OBJC_MSGSEND = YES;
				GCC_C_LANGUAGE_STANDARD = gnu99;
				GCC_NO_COMMON_BLOCKS = YES;
				GCC_WARN_64_TO_32_BIT_CONVERSION = YES;
				GCC_WARN_ABOUT_RETURN_TYPE = YES_ERROR;
				GCC_WARN_UNDECLARED_SELECTOR = YES;
				GCC_WARN_UNINITIALIZED_AUTOS = YES_AGGRESSIVE;
				GCC_WARN_UNUSED_FUNCTION = YES;
				GCC_WARN_UNUSED_VARIABLE = YES;
				IPHONEOS_DEPLOYMENT_TARGET = 9.2;
				MTL_ENABLE_DEBUG_INFO = NO;
				SDKROOT = iphoneos;
				VALIDATE_PRODUCT = YES;
			};
			name = Release;
		};
		9376D2411C64684000FC2782 /* Debug */ = {
			isa = XCBuildConfiguration;
			baseConfigurationReference = E9F18E2C01F0AB9AB7B6ACDC /* Pods-STACollapsableTable.debug.xcconfig */;
			buildSettings = {
				ASSETCATALOG_COMPILER_APPICON_NAME = AppIcon;
				INFOPLIST_FILE = STACollapsableTableSample/Info.plist;
				LD_RUNPATH_SEARCH_PATHS = "$(inherited) @executable_path/Frameworks";
				PRODUCT_BUNDLE_IDENTIFIER = com.aaronjubbal.STACollapsableTable;
				PRODUCT_NAME = "$(TARGET_NAME)";
			};
			name = Debug;
		};
		9376D2421C64684000FC2782 /* Release */ = {
			isa = XCBuildConfiguration;
			baseConfigurationReference = B11300C9268E6B1CC3A20906 /* Pods-STACollapsableTable.release.xcconfig */;
			buildSettings = {
				ASSETCATALOG_COMPILER_APPICON_NAME = AppIcon;
				INFOPLIST_FILE = STACollapsableTableSample/Info.plist;
				LD_RUNPATH_SEARCH_PATHS = "$(inherited) @executable_path/Frameworks";
				PRODUCT_BUNDLE_IDENTIFIER = com.aaronjubbal.STACollapsableTable;
				PRODUCT_NAME = "$(TARGET_NAME)";
			};
			name = Release;
		};
		9376D2441C64684000FC2782 /* Debug */ = {
			isa = XCBuildConfiguration;
			buildSettings = {
				BUNDLE_LOADER = "$(TEST_HOST)";
				INFOPLIST_FILE = STACollapsableTableTests/Info.plist;
				LD_RUNPATH_SEARCH_PATHS = "$(inherited) @executable_path/Frameworks @loader_path/Frameworks";
				PRODUCT_BUNDLE_IDENTIFIER = com.aaronjubbal.STACollapsableTableTests;
				PRODUCT_NAME = "$(TARGET_NAME)";
				TEST_HOST = "$(BUILT_PRODUCTS_DIR)/STACollapsableTable.app/STACollapsableTable";
			};
			name = Debug;
		};
		9376D2451C64684000FC2782 /* Release */ = {
			isa = XCBuildConfiguration;
			buildSettings = {
				BUNDLE_LOADER = "$(TEST_HOST)";
				INFOPLIST_FILE = STACollapsableTableTests/Info.plist;
				LD_RUNPATH_SEARCH_PATHS = "$(inherited) @executable_path/Frameworks @loader_path/Frameworks";
				PRODUCT_BUNDLE_IDENTIFIER = com.aaronjubbal.STACollapsableTableTests;
				PRODUCT_NAME = "$(TARGET_NAME)";
				TEST_HOST = "$(BUILT_PRODUCTS_DIR)/STACollapsableTable.app/STACollapsableTable";
			};
			name = Release;
		};
/* End XCBuildConfiguration section */

/* Begin XCConfigurationList section */
		9376D2191C64683F00FC2782 /* Build configuration list for PBXProject "STACollapsableTable" */ = {
			isa = XCConfigurationList;
			buildConfigurations = (
				9376D23E1C64684000FC2782 /* Debug */,
				9376D23F1C64684000FC2782 /* Release */,
			);
			defaultConfigurationIsVisible = 0;
			defaultConfigurationName = Release;
		};
		9376D2401C64684000FC2782 /* Build configuration list for PBXNativeTarget "STACollapsableTable" */ = {
			isa = XCConfigurationList;
			buildConfigurations = (
				9376D2411C64684000FC2782 /* Debug */,
				9376D2421C64684000FC2782 /* Release */,
			);
			defaultConfigurationIsVisible = 0;
			defaultConfigurationName = Release;
		};
		9376D2431C64684000FC2782 /* Build configuration list for PBXNativeTarget "STACollapsableTableTests" */ = {
			isa = XCConfigurationList;
			buildConfigurations = (
				9376D2441C64684000FC2782 /* Debug */,
				9376D2451C64684000FC2782 /* Release */,
			);
			defaultConfigurationIsVisible = 0;
			defaultConfigurationName = Release;
		};
/* End XCConfigurationList section */
	};
	rootObject = 9376D2161C64683F00FC2782 /* Project object */;
}
