// !$*UTF8*$!
{
	archiveVersion = 1;
	classes = {
	};
	objectVersion = 46;
	objects = {

/* Begin PBXBuildFile section */
		4D59DDADC19F08E1E59A8956 /* libPods-STACollapsableTableTests.a in Frameworks */ = {isa = PBXBuildFile; fileRef = 5D13400649B513750952B6B7 /* libPods-STACollapsableTableTests.a */; };
		8CAC8099220F0C8D0FBBA687 /* libPods-STACollapsableTable.a in Frameworks */ = {isa = PBXBuildFile; fileRef = B2040277D4AE0B5E334AF8D1 /* libPods-STACollapsableTable.a */; };
		931F400D1CEBAEB00078D131 /* HeaderView.m in Sources */ = {isa = PBXBuildFile; fileRef = 931F400C1CEBAEB00078D131 /* HeaderView.m */; };
		931F400F1CEBAEC80078D131 /* HeaderView.xib in Resources */ = {isa = PBXBuildFile; fileRef = 931F400E1CEBAEC80078D131 /* HeaderView.xib */; };
		936CE2851D140C57005FE266 /* NIMutableTableViewModel+STAAdditions.m in Sources */ = {isa = PBXBuildFile; fileRef = 936CE2841D140C57005FE266 /* NIMutableTableViewModel+STAAdditions.m */; };
		9376D23C1C64684000FC2782 /* STACollapsableTableTests.m in Sources */ = {isa = PBXBuildFile; fileRef = 9376D23B1C64684000FC2782 /* STACollapsableTableTests.m */; };
		9376D2571C649FB500FC2782 /* AppDelegate.m in Sources */ = {isa = PBXBuildFile; fileRef = 9376D24B1C649FB500FC2782 /* AppDelegate.m */; };
		9376D2581C649FB500FC2782 /* Assets.xcassets in Resources */ = {isa = PBXBuildFile; fileRef = 9376D24C1C649FB500FC2782 /* Assets.xcassets */; };
		9376D2591C649FB500FC2782 /* LaunchScreen.storyboard in Resources */ = {isa = PBXBuildFile; fileRef = 9376D24D1C649FB500FC2782 /* LaunchScreen.storyboard */; };
		9376D25A1C649FB500FC2782 /* Main.storyboard in Resources */ = {isa = PBXBuildFile; fileRef = 9376D24F1C649FB500FC2782 /* Main.storyboard */; };
		9376D25C1C649FB500FC2782 /* main.m in Sources */ = {isa = PBXBuildFile; fileRef = 9376D2521C649FB500FC2782 /* main.m */; };
		9376D25D1C649FB500FC2782 /* SampleTableViewController.m in Sources */ = {isa = PBXBuildFile; fileRef = 9376D2541C649FB500FC2782 /* SampleTableViewController.m */; };
		9376D26B1C64AD8900FC2782 /* STACollapsableTableModel.m in Sources */ = {isa = PBXBuildFile; fileRef = 9376D26A1C64AD8900FC2782 /* STACollapsableTableModel.m */; };
		9376D2761C65E80000FC2782 /* STATableModelSpecifier.m in Sources */ = {isa = PBXBuildFile; fileRef = 9376D2751C65E7FF00FC2782 /* STATableModelSpecifier.m */; };
		9376D2791C67C5B200FC2782 /* STACellModel.m in Sources */ = {isa = PBXBuildFile; fileRef = 9376D2781C67C5B200FC2782 /* STACellModel.m */; };
		9376D27C1C6879C700FC2782 /* STATableViewDelegate.m in Sources */ = {isa = PBXBuildFile; fileRef = 9376D27B1C6879C700FC2782 /* STATableViewDelegate.m */; };
		9376D2821C6A7D6500FC2782 /* CollapsableTableViewCell.m in Sources */ = {isa = PBXBuildFile; fileRef = 9376D2801C6A7D6500FC2782 /* CollapsableTableViewCell.m */; };
		9376D2831C6A7D6500FC2782 /* CollapsableTableViewCell.xib in Resources */ = {isa = PBXBuildFile; fileRef = 9376D2811C6A7D6500FC2782 /* CollapsableTableViewCell.xib */; };
		9376D2871C6A8C3700FC2782 /* SubCollapsableTableViewCell.m in Sources */ = {isa = PBXBuildFile; fileRef = 9376D2851C6A8C3700FC2782 /* SubCollapsableTableViewCell.m */; };
		9376D2881C6A8C3700FC2782 /* SubCollapsableTableViewCell.xib in Resources */ = {isa = PBXBuildFile; fileRef = 9376D2861C6A8C3700FC2782 /* SubCollapsableTableViewCell.xib */; };
		9376D28E1C6C513A00FC2782 /* BaseCollapsableTableViewCell.m in Sources */ = {isa = PBXBuildFile; fileRef = 9376D28D1C6C513A00FC2782 /* BaseCollapsableTableViewCell.m */; };
		9376D2911C6C988500FC2782 /* LeafNodeTableViewCell.m in Sources */ = {isa = PBXBuildFile; fileRef = 9376D2901C6C988500FC2782 /* LeafNodeTableViewCell.m */; };
		9376D2A41C6F3E2400FC2782 /* STASearchOperation.m in Sources */ = {isa = PBXBuildFile; fileRef = 9376D2A31C6F3E2400FC2782 /* STASearchOperation.m */; };
		9376D2C61C76F81A00FC2782 /* CustomCellModel.m in Sources */ = {isa = PBXBuildFile; fileRef = 9376D2C51C76F81A00FC2782 /* CustomCellModel.m */; };
		93D10EA81CF83264005C8676 /* STACollapsableTableModel+Private.m in Sources */ = {isa = PBXBuildFile; fileRef = 93D10EA71CF83264005C8676 /* STACollapsableTableModel+Private.m */; };
		93F879371CE9025500DEB426 /* CoreFoundation.framework in Frameworks */ = {isa = PBXBuildFile; fileRef = 93F879361CE9025500DEB426 /* CoreFoundation.framework */; };
/* End PBXBuildFile section */

/* Begin PBXContainerItemProxy section */
		9376D2381C64684000FC2782 /* PBXContainerItemProxy */ = {
			isa = PBXContainerItemProxy;
			containerPortal = 9376D2161C64683F00FC2782 /* Project object */;
			proxyType = 1;
			remoteGlobalIDString = 9376D21D1C64683F00FC2782;
			remoteInfo = STACollapsableTable;
		};
/* End PBXContainerItemProxy section */

/* Begin PBXFileReference section */
		5D13400649B513750952B6B7 /* libPods-STACollapsableTableTests.a */ = {isa = PBXFileReference; explicitFileType = archive.ar; includeInIndex = 0; path = "libPods-STACollapsableTableTests.a"; sourceTree = BUILT_PRODUCTS_DIR; };
		6D68CED336167B77FBC5E3E1 /* Pods-STACollapsableTable.release.xcconfig */ = {isa = PBXFileReference; includeInIndex = 1; lastKnownFileType = text.xcconfig; name = "Pods-STACollapsableTable.release.xcconfig"; path = "Pods/Target Support Files/Pods-STACollapsableTable/Pods-STACollapsableTable.release.xcconfig"; sourceTree = "<group>"; };
		931F400B1CEBAEB00078D131 /* HeaderView.h */ = {isa = PBXFileReference; fileEncoding = 4; lastKnownFileType = sourcecode.c.h; path = HeaderView.h; sourceTree = "<group>"; };
		931F400C1CEBAEB00078D131 /* HeaderView.m */ = {isa = PBXFileReference; fileEncoding = 4; lastKnownFileType = sourcecode.c.objc; path = HeaderView.m; sourceTree = "<group>"; };
		931F400E1CEBAEC80078D131 /* HeaderView.xib */ = {isa = PBXFileReference; fileEncoding = 4; lastKnownFileType = file.xib; path = HeaderView.xib; sourceTree = "<group>"; };
		936CE2831D140C57005FE266 /* NIMutableTableViewModel+STAAdditions.h */ = {isa = PBXFileReference; fileEncoding = 4; lastKnownFileType = sourcecode.c.h; path = "NIMutableTableViewModel+STAAdditions.h"; sourceTree = "<group>"; };
		936CE2841D140C57005FE266 /* NIMutableTableViewModel+STAAdditions.m */ = {isa = PBXFileReference; fileEncoding = 4; lastKnownFileType = sourcecode.c.objc; path = "NIMutableTableViewModel+STAAdditions.m"; sourceTree = "<group>"; };
		9376D21E1C64683F00FC2782 /* STACollapsableTable.app */ = {isa = PBXFileReference; explicitFileType = wrapper.application; includeInIndex = 0; path = STACollapsableTable.app; sourceTree = BUILT_PRODUCTS_DIR; };
		9376D2371C64684000FC2782 /* STACollapsableTableTests.xctest */ = {isa = PBXFileReference; explicitFileType = wrapper.cfbundle; includeInIndex = 0; path = STACollapsableTableTests.xctest; sourceTree = BUILT_PRODUCTS_DIR; };
		9376D23B1C64684000FC2782 /* STACollapsableTableTests.m */ = {isa = PBXFileReference; lastKnownFileType = sourcecode.c.objc; path = STACollapsableTableTests.m; sourceTree = "<group>"; };
		9376D23D1C64684000FC2782 /* Info.plist */ = {isa = PBXFileReference; lastKnownFileType = text.plist.xml; path = Info.plist; sourceTree = "<group>"; };
		9376D24A1C649FB500FC2782 /* AppDelegate.h */ = {isa = PBXFileReference; fileEncoding = 4; lastKnownFileType = sourcecode.c.h; path = AppDelegate.h; sourceTree = "<group>"; };
		9376D24B1C649FB500FC2782 /* AppDelegate.m */ = {isa = PBXFileReference; fileEncoding = 4; lastKnownFileType = sourcecode.c.objc; path = AppDelegate.m; sourceTree = "<group>"; };
		9376D24C1C649FB500FC2782 /* Assets.xcassets */ = {isa = PBXFileReference; lastKnownFileType = folder.assetcatalog; path = Assets.xcassets; sourceTree = "<group>"; };
		9376D24E1C649FB500FC2782 /* Base */ = {isa = PBXFileReference; lastKnownFileType = file.storyboard; name = Base; path = Base.lproj/LaunchScreen.storyboard; sourceTree = "<group>"; };
		9376D2501C649FB500FC2782 /* Base */ = {isa = PBXFileReference; lastKnownFileType = file.storyboard; name = Base; path = Base.lproj/Main.storyboard; sourceTree = "<group>"; };
		9376D2511C649FB500FC2782 /* Info.plist */ = {isa = PBXFileReference; fileEncoding = 4; lastKnownFileType = text.plist.xml; path = Info.plist; sourceTree = "<group>"; };
		9376D2521C649FB500FC2782 /* main.m */ = {isa = PBXFileReference; fileEncoding = 4; lastKnownFileType = sourcecode.c.objc; path = main.m; sourceTree = "<group>"; };
		9376D2531C649FB500FC2782 /* SampleTableViewController.h */ = {isa = PBXFileReference; fileEncoding = 4; lastKnownFileType = sourcecode.c.h; path = SampleTableViewController.h; sourceTree = "<group>"; };
		9376D2541C649FB500FC2782 /* SampleTableViewController.m */ = {isa = PBXFileReference; fileEncoding = 4; lastKnownFileType = sourcecode.c.objc; path = SampleTableViewController.m; sourceTree = "<group>"; };
		9376D2691C64AD8900FC2782 /* STACollapsableTableModel.h */ = {isa = PBXFileReference; fileEncoding = 4; lastKnownFileType = sourcecode.c.h; path = STACollapsableTableModel.h; sourceTree = "<group>"; };
		9376D26A1C64AD8900FC2782 /* STACollapsableTableModel.m */ = {isa = PBXFileReference; fileEncoding = 4; lastKnownFileType = sourcecode.c.objc; path = STACollapsableTableModel.m; sourceTree = "<group>"; };
		9376D2741C65E7FF00FC2782 /* STATableModelSpecifier.h */ = {isa = PBXFileReference; fileEncoding = 4; lastKnownFileType = sourcecode.c.h; path = STATableModelSpecifier.h; sourceTree = "<group>"; };
		9376D2751C65E7FF00FC2782 /* STATableModelSpecifier.m */ = {isa = PBXFileReference; fileEncoding = 4; lastKnownFileType = sourcecode.c.objc; path = STATableModelSpecifier.m; sourceTree = "<group>"; };
		9376D2771C67C5B200FC2782 /* STACellModel.h */ = {isa = PBXFileReference; fileEncoding = 4; lastKnownFileType = sourcecode.c.h; path = STACellModel.h; sourceTree = "<group>"; };
		9376D2781C67C5B200FC2782 /* STACellModel.m */ = {isa = PBXFileReference; fileEncoding = 4; lastKnownFileType = sourcecode.c.objc; path = STACellModel.m; sourceTree = "<group>"; };
		9376D27A1C6879C700FC2782 /* STATableViewDelegate.h */ = {isa = PBXFileReference; fileEncoding = 4; lastKnownFileType = sourcecode.c.h; path = STATableViewDelegate.h; sourceTree = "<group>"; };
		9376D27B1C6879C700FC2782 /* STATableViewDelegate.m */ = {isa = PBXFileReference; fileEncoding = 4; lastKnownFileType = sourcecode.c.objc; path = STATableViewDelegate.m; sourceTree = "<group>"; };
		9376D27F1C6A7D6500FC2782 /* CollapsableTableViewCell.h */ = {isa = PBXFileReference; fileEncoding = 4; lastKnownFileType = sourcecode.c.h; path = CollapsableTableViewCell.h; sourceTree = "<group>"; };
		9376D2801C6A7D6500FC2782 /* CollapsableTableViewCell.m */ = {isa = PBXFileReference; fileEncoding = 4; lastKnownFileType = sourcecode.c.objc; path = CollapsableTableViewCell.m; sourceTree = "<group>"; };
		9376D2811C6A7D6500FC2782 /* CollapsableTableViewCell.xib */ = {isa = PBXFileReference; fileEncoding = 4; lastKnownFileType = file.xib; path = CollapsableTableViewCell.xib; sourceTree = "<group>"; };
		9376D2841C6A8C3700FC2782 /* SubCollapsableTableViewCell.h */ = {isa = PBXFileReference; fileEncoding = 4; lastKnownFileType = sourcecode.c.h; path = SubCollapsableTableViewCell.h; sourceTree = "<group>"; };
		9376D2851C6A8C3700FC2782 /* SubCollapsableTableViewCell.m */ = {isa = PBXFileReference; fileEncoding = 4; lastKnownFileType = sourcecode.c.objc; path = SubCollapsableTableViewCell.m; sourceTree = "<group>"; };
		9376D2861C6A8C3700FC2782 /* SubCollapsableTableViewCell.xib */ = {isa = PBXFileReference; fileEncoding = 4; lastKnownFileType = file.xib; path = SubCollapsableTableViewCell.xib; sourceTree = "<group>"; };
		9376D28C1C6C513A00FC2782 /* BaseCollapsableTableViewCell.h */ = {isa = PBXFileReference; fileEncoding = 4; lastKnownFileType = sourcecode.c.h; path = BaseCollapsableTableViewCell.h; sourceTree = "<group>"; };
		9376D28D1C6C513A00FC2782 /* BaseCollapsableTableViewCell.m */ = {isa = PBXFileReference; fileEncoding = 4; lastKnownFileType = sourcecode.c.objc; path = BaseCollapsableTableViewCell.m; sourceTree = "<group>"; };
		9376D28F1C6C988500FC2782 /* LeafNodeTableViewCell.h */ = {isa = PBXFileReference; fileEncoding = 4; lastKnownFileType = sourcecode.c.h; path = LeafNodeTableViewCell.h; sourceTree = "<group>"; };
		9376D2901C6C988500FC2782 /* LeafNodeTableViewCell.m */ = {isa = PBXFileReference; fileEncoding = 4; lastKnownFileType = sourcecode.c.objc; path = LeafNodeTableViewCell.m; sourceTree = "<group>"; };
		9376D29F1C6F3CD300FC2782 /* STACollapsableTable.h */ = {isa = PBXFileReference; fileEncoding = 4; lastKnownFileType = sourcecode.c.h; path = STACollapsableTable.h; sourceTree = "<group>"; };
		9376D2A21C6F3E2400FC2782 /* STASearchOperation.h */ = {isa = PBXFileReference; fileEncoding = 4; lastKnownFileType = sourcecode.c.h; path = STASearchOperation.h; sourceTree = "<group>"; };
		9376D2A31C6F3E2400FC2782 /* STASearchOperation.m */ = {isa = PBXFileReference; fileEncoding = 4; lastKnownFileType = sourcecode.c.objc; path = STASearchOperation.m; sourceTree = "<group>"; };
		9376D2C41C76F81A00FC2782 /* CustomCellModel.h */ = {isa = PBXFileReference; fileEncoding = 4; lastKnownFileType = sourcecode.c.h; path = CustomCellModel.h; sourceTree = "<group>"; };
		9376D2C51C76F81A00FC2782 /* CustomCellModel.m */ = {isa = PBXFileReference; fileEncoding = 4; lastKnownFileType = sourcecode.c.objc; path = CustomCellModel.m; sourceTree = "<group>"; };
		93D10EA61CF83264005C8676 /* STACollapsableTableModel+Private.h */ = {isa = PBXFileReference; fileEncoding = 4; lastKnownFileType = sourcecode.c.h; path = "STACollapsableTableModel+Private.h"; sourceTree = "<group>"; };
		93D10EA71CF83264005C8676 /* STACollapsableTableModel+Private.m */ = {isa = PBXFileReference; fileEncoding = 4; lastKnownFileType = sourcecode.c.objc; path = "STACollapsableTableModel+Private.m"; sourceTree = "<group>"; };
		93F879361CE9025500DEB426 /* CoreFoundation.framework */ = {isa = PBXFileReference; lastKnownFileType = wrapper.framework; name = CoreFoundation.framework; path = System/Library/Frameworks/CoreFoundation.framework; sourceTree = SDKROOT; };
		B2040277D4AE0B5E334AF8D1 /* libPods-STACollapsableTable.a */ = {isa = PBXFileReference; explicitFileType = archive.ar; includeInIndex = 0; path = "libPods-STACollapsableTable.a"; sourceTree = BUILT_PRODUCTS_DIR; };
		DF3635460DA1C82943CC2178 /* Pods-STACollapsableTable.debug.xcconfig */ = {isa = PBXFileReference; includeInIndex = 1; lastKnownFileType = text.xcconfig; name = "Pods-STACollapsableTable.debug.xcconfig"; path = "Pods/Target Support Files/Pods-STACollapsableTable/Pods-STACollapsableTable.debug.xcconfig"; sourceTree = "<group>"; };
		E0E6CECDF672A86806264481 /* Pods-STACollapsableTableTests.debug.xcconfig */ = {isa = PBXFileReference; includeInIndex = 1; lastKnownFileType = text.xcconfig; name = "Pods-STACollapsableTableTests.debug.xcconfig"; path = "Pods/Target Support Files/Pods-STACollapsableTableTests/Pods-STACollapsableTableTests.debug.xcconfig"; sourceTree = "<group>"; };
		E4887B28909A4A2F8A0601CB /* Pods-STACollapsableTableTests.release.xcconfig */ = {isa = PBXFileReference; includeInIndex = 1; lastKnownFileType = text.xcconfig; name = "Pods-STACollapsableTableTests.release.xcconfig"; path = "Pods/Target Support Files/Pods-STACollapsableTableTests/Pods-STACollapsableTableTests.release.xcconfig"; sourceTree = "<group>"; };
/* End PBXFileReference section */

/* Begin PBXFrameworksBuildPhase section */
		9376D21B1C64683F00FC2782 /* Frameworks */ = {
			isa = PBXFrameworksBuildPhase;
			buildActionMask = 2147483647;
			files = (
				93F879371CE9025500DEB426 /* CoreFoundation.framework in Frameworks */,
				8CAC8099220F0C8D0FBBA687 /* libPods-STACollapsableTable.a in Frameworks */,
			);
			runOnlyForDeploymentPostprocessing = 0;
		};
		9376D2341C64684000FC2782 /* Frameworks */ = {
			isa = PBXFrameworksBuildPhase;
			buildActionMask = 2147483647;
			files = (
				4D59DDADC19F08E1E59A8956 /* libPods-STACollapsableTableTests.a in Frameworks */,
			);
			runOnlyForDeploymentPostprocessing = 0;
		};
/* End PBXFrameworksBuildPhase section */

/* Begin PBXGroup section */
		741639580728658B518781F9 /* Pods */ = {
			isa = PBXGroup;
			children = (
				DF3635460DA1C82943CC2178 /* Pods-STACollapsableTable.debug.xcconfig */,
				6D68CED336167B77FBC5E3E1 /* Pods-STACollapsableTable.release.xcconfig */,
				E0E6CECDF672A86806264481 /* Pods-STACollapsableTableTests.debug.xcconfig */,
				E4887B28909A4A2F8A0601CB /* Pods-STACollapsableTableTests.release.xcconfig */,
			);
			name = Pods;
			sourceTree = "<group>";
		};
		9376D2151C64683F00FC2782 = {
			isa = PBXGroup;
			children = (
				9376D25F1C64A05800FC2782 /* STACollapsableTable */,
				9376D2491C649FB500FC2782 /* STACollapsableTableSample */,
				9376D23A1C64684000FC2782 /* STACollapsableTableTests */,
				9376D21F1C64683F00FC2782 /* Products */,
				CA952580F70D87E9C4A78C81 /* Frameworks */,
				741639580728658B518781F9 /* Pods */,
			);
			sourceTree = "<group>";
		};
		9376D21F1C64683F00FC2782 /* Products */ = {
			isa = PBXGroup;
			children = (
				9376D21E1C64683F00FC2782 /* STACollapsableTable.app */,
				9376D2371C64684000FC2782 /* STACollapsableTableTests.xctest */,
			);
			name = Products;
			sourceTree = "<group>";
		};
		9376D23A1C64684000FC2782 /* STACollapsableTableTests */ = {
			isa = PBXGroup;
			children = (
				9376D23B1C64684000FC2782 /* STACollapsableTableTests.m */,
				9376D23D1C64684000FC2782 /* Info.plist */,
			);
			path = STACollapsableTableTests;
			sourceTree = "<group>";
		};
		9376D2491C649FB500FC2782 /* STACollapsableTableSample */ = {
			isa = PBXGroup;
			children = (
				9376D24A1C649FB500FC2782 /* AppDelegate.h */,
				9376D24B1C649FB500FC2782 /* AppDelegate.m */,
				9376D24C1C649FB500FC2782 /* Assets.xcassets */,
				9376D24D1C649FB500FC2782 /* LaunchScreen.storyboard */,
				9376D24F1C649FB500FC2782 /* Main.storyboard */,
				9376D2511C649FB500FC2782 /* Info.plist */,
				9376D2521C649FB500FC2782 /* main.m */,
				9376D2531C649FB500FC2782 /* SampleTableViewController.h */,
				9376D2541C649FB500FC2782 /* SampleTableViewController.m */,
				9376D27F1C6A7D6500FC2782 /* CollapsableTableViewCell.h */,
				9376D2801C6A7D6500FC2782 /* CollapsableTableViewCell.m */,
				9376D2811C6A7D6500FC2782 /* CollapsableTableViewCell.xib */,
				9376D2841C6A8C3700FC2782 /* SubCollapsableTableViewCell.h */,
				9376D2851C6A8C3700FC2782 /* SubCollapsableTableViewCell.m */,
				9376D2861C6A8C3700FC2782 /* SubCollapsableTableViewCell.xib */,
				9376D28C1C6C513A00FC2782 /* BaseCollapsableTableViewCell.h */,
				9376D28D1C6C513A00FC2782 /* BaseCollapsableTableViewCell.m */,
				9376D28F1C6C988500FC2782 /* LeafNodeTableViewCell.h */,
				9376D2901C6C988500FC2782 /* LeafNodeTableViewCell.m */,
				9376D2C41C76F81A00FC2782 /* CustomCellModel.h */,
				9376D2C51C76F81A00FC2782 /* CustomCellModel.m */,
				931F400B1CEBAEB00078D131 /* HeaderView.h */,
				931F400C1CEBAEB00078D131 /* HeaderView.m */,
				931F400E1CEBAEC80078D131 /* HeaderView.xib */,
			);
			path = STACollapsableTableSample;
			sourceTree = "<group>";
		};
		9376D25F1C64A05800FC2782 /* STACollapsableTable */ = {
			isa = PBXGroup;
			children = (
				9376D29F1C6F3CD300FC2782 /* STACollapsableTable.h */,
				9376D2691C64AD8900FC2782 /* STACollapsableTableModel.h */,
				9376D26A1C64AD8900FC2782 /* STACollapsableTableModel.m */,
				9376D2741C65E7FF00FC2782 /* STATableModelSpecifier.h */,
				9376D2751C65E7FF00FC2782 /* STATableModelSpecifier.m */,
				9376D2771C67C5B200FC2782 /* STACellModel.h */,
				9376D2781C67C5B200FC2782 /* STACellModel.m */,
				9376D27A1C6879C700FC2782 /* STATableViewDelegate.h */,
				9376D27B1C6879C700FC2782 /* STATableViewDelegate.m */,
				9376D2A21C6F3E2400FC2782 /* STASearchOperation.h */,
				9376D2A31C6F3E2400FC2782 /* STASearchOperation.m */,
				93D10EA61CF83264005C8676 /* STACollapsableTableModel+Private.h */,
				93D10EA71CF83264005C8676 /* STACollapsableTableModel+Private.m */,
				936CE2831D140C57005FE266 /* NIMutableTableViewModel+STAAdditions.h */,
				936CE2841D140C57005FE266 /* NIMutableTableViewModel+STAAdditions.m */,
			);
			path = STACollapsableTable;
			sourceTree = "<group>";
		};
		CA952580F70D87E9C4A78C81 /* Frameworks */ = {
			isa = PBXGroup;
			children = (
				93F879361CE9025500DEB426 /* CoreFoundation.framework */,
				B2040277D4AE0B5E334AF8D1 /* libPods-STACollapsableTable.a */,
				5D13400649B513750952B6B7 /* libPods-STACollapsableTableTests.a */,
			);
			name = Frameworks;
			sourceTree = "<group>";
		};
/* End PBXGroup section */

/* Begin PBXNativeTarget section */
		9376D21D1C64683F00FC2782 /* STACollapsableTable */ = {
			isa = PBXNativeTarget;
			buildConfigurationList = 9376D2401C64684000FC2782 /* Build configuration list for PBXNativeTarget "STACollapsableTable" */;
			buildPhases = (
				029D6E426FC7517CAD601D0A /* [CP] Check Pods Manifest.lock */,
				9376D21A1C64683F00FC2782 /* Sources */,
				9376D21B1C64683F00FC2782 /* Frameworks */,
				9376D21C1C64683F00FC2782 /* Resources */,
				22A3C7E79B4C1BD84E8B4634 /* [CP] Embed Pods Frameworks */,
				FFCD11EBAD71CE7955AB504E /* [CP] Copy Pods Resources */,
			);
			buildRules = (
			);
			dependencies = (
			);
			name = STACollapsableTable;
			productName = STACollapsableTable;
			productReference = 9376D21E1C64683F00FC2782 /* STACollapsableTable.app */;
			productType = "com.apple.product-type.application";
		};
		9376D2361C64684000FC2782 /* STACollapsableTableTests */ = {
			isa = PBXNativeTarget;
			buildConfigurationList = 9376D2431C64684000FC2782 /* Build configuration list for PBXNativeTarget "STACollapsableTableTests" */;
			buildPhases = (
				623C065DD9ACF582230C5BDF /* [CP] Check Pods Manifest.lock */,
				9376D2331C64684000FC2782 /* Sources */,
				9376D2341C64684000FC2782 /* Frameworks */,
				9376D2351C64684000FC2782 /* Resources */,
				FE9638BECDDFF07379E14E34 /* [CP] Embed Pods Frameworks */,
				AB873FD74708C96A533A3CC2 /* [CP] Copy Pods Resources */,
			);
			buildRules = (
			);
			dependencies = (
				9376D2391C64684000FC2782 /* PBXTargetDependency */,
			);
			name = STACollapsableTableTests;
			productName = STACollapsableTableTests;
			productReference = 9376D2371C64684000FC2782 /* STACollapsableTableTests.xctest */;
			productType = "com.apple.product-type.bundle.unit-test";
		};
/* End PBXNativeTarget section */

/* Begin PBXProject section */
		9376D2161C64683F00FC2782 /* Project object */ = {
			isa = PBXProject;
			attributes = {
				LastUpgradeCheck = 0720;
				ORGANIZATIONNAME = "Aaron Jubbal";
				TargetAttributes = {
					9376D21D1C64683F00FC2782 = {
						CreatedOnToolsVersion = 7.2;
					};
					9376D2361C64684000FC2782 = {
						CreatedOnToolsVersion = 7.2;
						TestTargetID = 9376D21D1C64683F00FC2782;
					};
				};
			};
			buildConfigurationList = 9376D2191C64683F00FC2782 /* Build configuration list for PBXProject "STACollapsableTable" */;
			compatibilityVersion = "Xcode 3.2";
			developmentRegion = English;
			hasScannedForEncodings = 0;
			knownRegions = (
				en,
				Base,
			);
			mainGroup = 9376D2151C64683F00FC2782;
			productRefGroup = 9376D21F1C64683F00FC2782 /* Products */;
			projectDirPath = "";
			projectRoot = "";
			targets = (
				9376D21D1C64683F00FC2782 /* STACollapsableTable */,
				9376D2361C64684000FC2782 /* STACollapsableTableTests */,
			);
		};
/* End PBXProject section */

/* Begin PBXResourcesBuildPhase section */
		9376D21C1C64683F00FC2782 /* Resources */ = {
			isa = PBXResourcesBuildPhase;
			buildActionMask = 2147483647;
			files = (
				9376D2831C6A7D6500FC2782 /* CollapsableTableViewCell.xib in Resources */,
				9376D2881C6A8C3700FC2782 /* SubCollapsableTableViewCell.xib in Resources */,
				9376D25A1C649FB500FC2782 /* Main.storyboard in Resources */,
				9376D2581C649FB500FC2782 /* Assets.xcassets in Resources */,
				9376D2591C649FB500FC2782 /* LaunchScreen.storyboard in Resources */,
				931F400F1CEBAEC80078D131 /* HeaderView.xib in Resources */,
			);
			runOnlyForDeploymentPostprocessing = 0;
		};
		9376D2351C64684000FC2782 /* Resources */ = {
			isa = PBXResourcesBuildPhase;
			buildActionMask = 2147483647;
			files = (
			);
			runOnlyForDeploymentPostprocessing = 0;
		};
/* End PBXResourcesBuildPhase section */

/* Begin PBXShellScriptBuildPhase section */
		029D6E426FC7517CAD601D0A /* [CP] Check Pods Manifest.lock */ = {
			isa = PBXShellScriptBuildPhase;
			buildActionMask = 2147483647;
			files = (
			);
			inputPaths = (
			);
			name = "[CP] Check Pods Manifest.lock";
			outputPaths = (
			);
			runOnlyForDeploymentPostprocessing = 0;
			shellPath = /bin/sh;
			shellScript = "diff \"${PODS_ROOT}/../Podfile.lock\" \"${PODS_ROOT}/Manifest.lock\" > /dev/null\nif [[ $? != 0 ]] ; then\n    cat << EOM\nerror: The sandbox is not in sync with the Podfile.lock. Run 'pod install' or update your CocoaPods installation.\nEOM\n    exit 1\nfi\n";
			showEnvVarsInLog = 0;
		};
		22A3C7E79B4C1BD84E8B4634 /* [CP] Embed Pods Frameworks */ = {
			isa = PBXShellScriptBuildPhase;
			buildActionMask = 2147483647;
			files = (
			);
			inputPaths = (
			);
			name = "[CP] Embed Pods Frameworks";
			outputPaths = (
			);
			runOnlyForDeploymentPostprocessing = 0;
			shellPath = /bin/sh;
			shellScript = "\"${SRCROOT}/Pods/Target Support Files/Pods-STACollapsableTable/Pods-STACollapsableTable-frameworks.sh\"\n";
			showEnvVarsInLog = 0;
		};
		623C065DD9ACF582230C5BDF /* [CP] Check Pods Manifest.lock */ = {
			isa = PBXShellScriptBuildPhase;
			buildActionMask = 2147483647;
			files = (
			);
			inputPaths = (
			);
			name = "[CP] Check Pods Manifest.lock";
			outputPaths = (
			);
			runOnlyForDeploymentPostprocessing = 0;
			shellPath = /bin/sh;
			shellScript = "diff \"${PODS_ROOT}/../Podfile.lock\" \"${PODS_ROOT}/Manifest.lock\" > /dev/null\nif [[ $? != 0 ]] ; then\n    cat << EOM\nerror: The sandbox is not in sync with the Podfile.lock. Run 'pod install' or update your CocoaPods installation.\nEOM\n    exit 1\nfi\n";
			showEnvVarsInLog = 0;
		};
		AB873FD74708C96A533A3CC2 /* [CP] Copy Pods Resources */ = {
			isa = PBXShellScriptBuildPhase;
			buildActionMask = 2147483647;
			files = (
			);
			inputPaths = (
			);
			name = "[CP] Copy Pods Resources";
			outputPaths = (
			);
			runOnlyForDeploymentPostprocessing = 0;
			shellPath = /bin/sh;
			shellScript = "\"${SRCROOT}/Pods/Target Support Files/Pods-STACollapsableTableTests/Pods-STACollapsableTableTests-resources.sh\"\n";
			showEnvVarsInLog = 0;
		};
		FE9638BECDDFF07379E14E34 /* [CP] Embed Pods Frameworks */ = {
			isa = PBXShellScriptBuildPhase;
			buildActionMask = 2147483647;
			files = (
			);
			inputPaths = (
			);
			name = "[CP] Embed Pods Frameworks";
			outputPaths = (
			);
			runOnlyForDeploymentPostprocessing = 0;
			shellPath = /bin/sh;
			shellScript = "\"${SRCROOT}/Pods/Target Support Files/Pods-STACollapsableTableTests/Pods-STACollapsableTableTests-frameworks.sh\"\n";
			showEnvVarsInLog = 0;
		};
		FFCD11EBAD71CE7955AB504E /* [CP] Copy Pods Resources */ = {
			isa = PBXShellScriptBuildPhase;
			buildActionMask = 2147483647;
			files = (
			);
			inputPaths = (
			);
			name = "[CP] Copy Pods Resources";
			outputPaths = (
			);
			runOnlyForDeploymentPostprocessing = 0;
			shellPath = /bin/sh;
			shellScript = "\"${SRCROOT}/Pods/Target Support Files/Pods-STACollapsableTable/Pods-STACollapsableTable-resources.sh\"\n";
			showEnvVarsInLog = 0;
		};
/* End PBXShellScriptBuildPhase section */

/* Begin PBXSourcesBuildPhase section */
		9376D21A1C64683F00FC2782 /* Sources */ = {
			isa = PBXSourcesBuildPhase;
			buildActionMask = 2147483647;
			files = (
				9376D2791C67C5B200FC2782 /* STACellModel.m in Sources */,
				931F400D1CEBAEB00078D131 /* HeaderView.m in Sources */,
				9376D27C1C6879C700FC2782 /* STATableViewDelegate.m in Sources */,
				9376D2821C6A7D6500FC2782 /* CollapsableTableViewCell.m in Sources */,
				9376D26B1C64AD8900FC2782 /* STACollapsableTableModel.m in Sources */,
				9376D2C61C76F81A00FC2782 /* CustomCellModel.m in Sources */,
				9376D28E1C6C513A00FC2782 /* BaseCollapsableTableViewCell.m in Sources */,
				9376D25C1C649FB500FC2782 /* main.m in Sources */,
				936CE2851D140C57005FE266 /* NIMutableTableViewModel+STAAdditions.m in Sources */,
				9376D25D1C649FB500FC2782 /* SampleTableViewController.m in Sources */,
				9376D2A41C6F3E2400FC2782 /* STASearchOperation.m in Sources */,
				9376D2571C649FB500FC2782 /* AppDelegate.m in Sources */,
				9376D2871C6A8C3700FC2782 /* SubCollapsableTableViewCell.m in Sources */,
				9376D2761C65E80000FC2782 /* STATableModelSpecifier.m in Sources */,
				9376D2911C6C988500FC2782 /* LeafNodeTableViewCell.m in Sources */,
				93D10EA81CF83264005C8676 /* STACollapsableTableModel+Private.m in Sources */,
			);
			runOnlyForDeploymentPostprocessing = 0;
		};
		9376D2331C64684000FC2782 /* Sources */ = {
			isa = PBXSourcesBuildPhase;
			buildActionMask = 2147483647;
			files = (
				9376D23C1C64684000FC2782 /* STACollapsableTableTests.m in Sources */,
			);
			runOnlyForDeploymentPostprocessing = 0;
		};
/* End PBXSourcesBuildPhase section */

/* Begin PBXTargetDependency section */
		9376D2391C64684000FC2782 /* PBXTargetDependency */ = {
			isa = PBXTargetDependency;
			target = 9376D21D1C64683F00FC2782 /* STACollapsableTable */;
			targetProxy = 9376D2381C64684000FC2782 /* PBXContainerItemProxy */;
		};
/* End PBXTargetDependency section */

/* Begin PBXVariantGroup section */
		9376D24D1C649FB500FC2782 /* LaunchScreen.storyboard */ = {
			isa = PBXVariantGroup;
			children = (
				9376D24E1C649FB500FC2782 /* Base */,
			);
			name = LaunchScreen.storyboard;
			sourceTree = "<group>";
		};
		9376D24F1C649FB500FC2782 /* Main.storyboard */ = {
			isa = PBXVariantGroup;
			children = (
				9376D2501C649FB500FC2782 /* Base */,
			);
			name = Main.storyboard;
			sourceTree = "<group>";
		};
/* End PBXVariantGroup section */

/* Begin XCBuildConfiguration section */
		9376D23E1C64684000FC2782 /* Debug */ = {
			isa = XCBuildConfiguration;
			buildSettings = {
				ALWAYS_SEARCH_USER_PATHS = NO;
				CLANG_CXX_LANGUAGE_STANDARD = "gnu++0x";
				CLANG_CXX_LIBRARY = "libc++";
				CLANG_ENABLE_MODULES = YES;
				CLANG_ENABLE_OBJC_ARC = YES;
				CLANG_WARN_BOOL_CONVERSION = YES;
				CLANG_WARN_CONSTANT_CONVERSION = YES;
				CLANG_WARN_DIRECT_OBJC_ISA_USAGE = YES_ERROR;
				CLANG_WARN_EMPTY_BODY = YES;
				CLANG_WARN_ENUM_CONVERSION = YES;
				CLANG_WARN_INT_CONVERSION = YES;
				CLANG_WARN_OBJC_ROOT_CLASS = YES_ERROR;
				CLANG_WARN_UNREACHABLE_CODE = YES;
				CLANG_WARN__DUPLICATE_METHOD_MATCH = YES;
				"CODE_SIGN_IDENTITY[sdk=iphoneos*]" = "iPhone Developer";
				COPY_PHASE_STRIP = NO;
				DEBUG_INFORMATION_FORMAT = dwarf;
				ENABLE_STRICT_OBJC_MSGSEND = YES;
				ENABLE_TESTABILITY = YES;
				GCC_C_LANGUAGE_STANDARD = gnu99;
				GCC_DYNAMIC_NO_PIC = NO;
				GCC_NO_COMMON_BLOCKS = YES;
				GCC_OPTIMIZATION_LEVEL = 0;
				GCC_PREPROCESSOR_DEFINITIONS = (
					"DEBUG=1",
					"$(inherited)",
				);
				GCC_WARN_64_TO_32_BIT_CONVERSION = YES;
				GCC_WARN_ABOUT_RETURN_TYPE = YES_ERROR;
				GCC_WARN_UNDECLARED_SELECTOR = YES;
				GCC_WARN_UNINITIALIZED_AUTOS = YES_AGGRESSIVE;
				GCC_WARN_UNUSED_FUNCTION = YES;
				GCC_WARN_UNUSED_VARIABLE = YES;
				IPHONEOS_DEPLOYMENT_TARGET = 8.0;
				MTL_ENABLE_DEBUG_INFO = YES;
				ONLY_ACTIVE_ARCH = YES;
				SDKROOT = iphoneos;
			};
			name = Debug;
		};
		9376D23F1C64684000FC2782 /* Release */ = {
			isa = XCBuildConfiguration;
			buildSettings = {
				ALWAYS_SEARCH_USER_PATHS = NO;
				CLANG_CXX_LANGUAGE_STANDARD = "gnu++0x";
				CLANG_CXX_LIBRARY = "libc++";
				CLANG_ENABLE_MODULES = YES;
				CLANG_ENABLE_OBJC_ARC = YES;
				CLANG_WARN_BOOL_CONVERSION = YES;
				CLANG_WARN_CONSTANT_CONVERSION = YES;
				CLANG_WARN_DIRECT_OBJC_ISA_USAGE = YES_ERROR;
				CLANG_WARN_EMPTY_BODY = YES;
				CLANG_WARN_ENUM_CONVERSION = YES;
				CLANG_WARN_INT_CONVERSION = YES;
				CLANG_WARN_OBJC_ROOT_CLASS = YES_ERROR;
				CLANG_WARN_UNREACHABLE_CODE = YES;
				CLANG_WARN__DUPLICATE_METHOD_MATCH = YES;
				"CODE_SIGN_IDENTITY[sdk=iphoneos*]" = "iPhone Developer";
				COPY_PHASE_STRIP = NO;
				DEBUG_INFORMATION_FORMAT = "dwarf-with-dsym";
				ENABLE_NS_ASSERTIONS = NO;
				ENABLE_STRICT_OBJC_MSGSEND = YES;
				GCC_C_LANGUAGE_STANDARD = gnu99;
				GCC_NO_COMMON_BLOCKS = YES;
				GCC_WARN_64_TO_32_BIT_CONVERSION = YES;
				GCC_WARN_ABOUT_RETURN_TYPE = YES_ERROR;
				GCC_WARN_UNDECLARED_SELECTOR = YES;
				GCC_WARN_UNINITIALIZED_AUTOS = YES_AGGRESSIVE;
				GCC_WARN_UNUSED_FUNCTION = YES;
				GCC_WARN_UNUSED_VARIABLE = YES;
				IPHONEOS_DEPLOYMENT_TARGET = 8.0;
				MTL_ENABLE_DEBUG_INFO = NO;
				SDKROOT = iphoneos;
				VALIDATE_PRODUCT = YES;
			};
			name = Release;
		};
		9376D2411C64684000FC2782 /* Debug */ = {
			isa = XCBuildConfiguration;
			baseConfigurationReference = DF3635460DA1C82943CC2178 /* Pods-STACollapsableTable.debug.xcconfig */;
			buildSettings = {
				ASSETCATALOG_COMPILER_APPICON_NAME = AppIcon;
				INFOPLIST_FILE = STACollapsableTableSample/Info.plist;
				IPHONEOS_DEPLOYMENT_TARGET = 8.0;
				LD_RUNPATH_SEARCH_PATHS = "$(inherited) @executable_path/Frameworks";
				PRODUCT_BUNDLE_IDENTIFIER = com.aaronjubbal.STACollapsableTable;
				PRODUCT_NAME = "$(TARGET_NAME)";
			};
			name = Debug;
		};
		9376D2421C64684000FC2782 /* Release */ = {
			isa = XCBuildConfiguration;
			baseConfigurationReference = 6D68CED336167B77FBC5E3E1 /* Pods-STACollapsableTable.release.xcconfig */;
			buildSettings = {
				ASSETCATALOG_COMPILER_APPICON_NAME = AppIcon;
				INFOPLIST_FILE = STACollapsableTableSample/Info.plist;
				IPHONEOS_DEPLOYMENT_TARGET = 8.0;
				LD_RUNPATH_SEARCH_PATHS = "$(inherited) @executable_path/Frameworks";
				PRODUCT_BUNDLE_IDENTIFIER = com.aaronjubbal.STACollapsableTable;
				PRODUCT_NAME = "$(TARGET_NAME)";
			};
			name = Release;
		};
		9376D2441C64684000FC2782 /* Debug */ = {
			isa = XCBuildConfiguration;
			baseConfigurationReference = E0E6CECDF672A86806264481 /* Pods-STACollapsableTableTests.debug.xcconfig */;
			buildSettings = {
				BUNDLE_LOADER = "$(TEST_HOST)";
				INFOPLIST_FILE = STACollapsableTableTests/Info.plist;
				LD_RUNPATH_SEARCH_PATHS = "$(inherited) @executable_path/Frameworks @loader_path/Frameworks";
				PRODUCT_BUNDLE_IDENTIFIER = com.aaronjubbal.STACollapsableTableTests;
				PRODUCT_NAME = "$(TARGET_NAME)";
				TEST_HOST = "$(BUILT_PRODUCTS_DIR)/STACollapsableTable.app/STACollapsableTable";
			};
			name = Debug;
		};
		9376D2451C64684000FC2782 /* Release */ = {
			isa = XCBuildConfiguration;
			baseConfigurationReference = E4887B28909A4A2F8A0601CB /* Pods-STACollapsableTableTests.release.xcconfig */;
			buildSettings = {
				BUNDLE_LOADER = "$(TEST_HOST)";
				INFOPLIST_FILE = STACollapsableTableTests/Info.plist;
				LD_RUNPATH_SEARCH_PATHS = "$(inherited) @executable_path/Frameworks @loader_path/Frameworks";
				PRODUCT_BUNDLE_IDENTIFIER = com.aaronjubbal.STACollapsableTableTests;
				PRODUCT_NAME = "$(TARGET_NAME)";
				TEST_HOST = "$(BUILT_PRODUCTS_DIR)/STACollapsableTable.app/STACollapsableTable";
			};
			name = Release;
		};
/* End XCBuildConfiguration section */

/* Begin XCConfigurationList section */
		9376D2191C64683F00FC2782 /* Build configuration list for PBXProject "STACollapsableTable" */ = {
			isa = XCConfigurationList;
			buildConfigurations = (
				9376D23E1C64684000FC2782 /* Debug */,
				9376D23F1C64684000FC2782 /* Release */,
			);
			defaultConfigurationIsVisible = 0;
			defaultConfigurationName = Release;
		};
		9376D2401C64684000FC2782 /* Build configuration list for PBXNativeTarget "STACollapsableTable" */ = {
			isa = XCConfigurationList;
			buildConfigurations = (
				9376D2411C64684000FC2782 /* Debug */,
				9376D2421C64684000FC2782 /* Release */,
			);
			defaultConfigurationIsVisible = 0;
			defaultConfigurationName = Release;
		};
		9376D2431C64684000FC2782 /* Build configuration list for PBXNativeTarget "STACollapsableTableTests" */ = {
			isa = XCConfigurationList;
			buildConfigurations = (
				9376D2441C64684000FC2782 /* Debug */,
				9376D2451C64684000FC2782 /* Release */,
			);
			defaultConfigurationIsVisible = 0;
			defaultConfigurationName = Release;
		};
/* End XCConfigurationList section */
	};
	rootObject = 9376D2161C64683F00FC2782 /* Project object */;
}
